// !$*UTF8*$!
{
	archiveVersion = 1;
	classes = {
	};
	objectVersion = 46;
	objects = {

/* Begin PBXBuildFile section */
		2F5F9BFF1DA617CA0025C53D /* AppDelegate.swift in Sources */ = {isa = PBXBuildFile; fileRef = 2F5F9BFE1DA617CA0025C53D /* AppDelegate.swift */; };
		2F5F9C011DA617CA0025C53D /* ViewController.swift in Sources */ = {isa = PBXBuildFile; fileRef = 2F5F9C001DA617CA0025C53D /* ViewController.swift */; };
		2F5F9C041DA617CA0025C53D /* Main.storyboard in Resources */ = {isa = PBXBuildFile; fileRef = 2F5F9C021DA617CA0025C53D /* Main.storyboard */; };
		2F5F9C061DA617CA0025C53D /* Assets.xcassets in Resources */ = {isa = PBXBuildFile; fileRef = 2F5F9C051DA617CA0025C53D /* Assets.xcassets */; };
		2F5F9C091DA617CA0025C53D /* LaunchScreen.storyboard in Resources */ = {isa = PBXBuildFile; fileRef = 2F5F9C071DA617CA0025C53D /* LaunchScreen.storyboard */; };
		2F5F9C141DA617CA0025C53D /* APIRequestTests.swift in Sources */ = {isa = PBXBuildFile; fileRef = 2F5F9C131DA617CA0025C53D /* APIRequestTests.swift */; };
		2F5F9C1F1DA617CA0025C53D /* APIRequestUITests.swift in Sources */ = {isa = PBXBuildFile; fileRef = 2F5F9C1E1DA617CA0025C53D /* APIRequestUITests.swift */; };
/* End PBXBuildFile section */

/* Begin PBXContainerItemProxy section */
		2F5F9C101DA617CA0025C53D /* PBXContainerItemProxy */ = {
			isa = PBXContainerItemProxy;
			containerPortal = 2F5F9BF31DA617CA0025C53D /* Project object */;
			proxyType = 1;
			remoteGlobalIDString = 2F5F9BFA1DA617CA0025C53D;
			remoteInfo = APIRequest;
		};
		2F5F9C1B1DA617CA0025C53D /* PBXContainerItemProxy */ = {
			isa = PBXContainerItemProxy;
			containerPortal = 2F5F9BF31DA617CA0025C53D /* Project object */;
			proxyType = 1;
			remoteGlobalIDString = 2F5F9BFA1DA617CA0025C53D;
			remoteInfo = APIRequest;
		};
/* End PBXContainerItemProxy section */

/* Begin PBXFileReference section */
		2F5F9BFB1DA617CA0025C53D /* APIRequest.app */ = {isa = PBXFileReference; explicitFileType = wrapper.application; includeInIndex = 0; path = APIRequest.app; sourceTree = BUILT_PRODUCTS_DIR; };
		2F5F9BFE1DA617CA0025C53D /* AppDelegate.swift */ = {isa = PBXFileReference; lastKnownFileType = sourcecode.swift; path = AppDelegate.swift; sourceTree = "<group>"; };
		2F5F9C001DA617CA0025C53D /* ViewController.swift */ = {isa = PBXFileReference; lastKnownFileType = sourcecode.swift; path = ViewController.swift; sourceTree = "<group>"; };
		2F5F9C031DA617CA0025C53D /* Base */ = {isa = PBXFileReference; lastKnownFileType = file.storyboard; name = Base; path = Base.lproj/Main.storyboard; sourceTree = "<group>"; };
		2F5F9C051DA617CA0025C53D /* Assets.xcassets */ = {isa = PBXFileReference; lastKnownFileType = folder.assetcatalog; path = Assets.xcassets; sourceTree = "<group>"; };
		2F5F9C081DA617CA0025C53D /* Base */ = {isa = PBXFileReference; lastKnownFileType = file.storyboard; name = Base; path = Base.lproj/LaunchScreen.storyboard; sourceTree = "<group>"; };
		2F5F9C0A1DA617CA0025C53D /* Info.plist */ = {isa = PBXFileReference; lastKnownFileType = text.plist.xml; path = Info.plist; sourceTree = "<group>"; };
		2F5F9C0F1DA617CA0025C53D /* APIRequestTests.xctest */ = {isa = PBXFileReference; explicitFileType = wrapper.cfbundle; includeInIndex = 0; path = APIRequestTests.xctest; sourceTree = BUILT_PRODUCTS_DIR; };
		2F5F9C131DA617CA0025C53D /* APIRequestTests.swift */ = {isa = PBXFileReference; lastKnownFileType = sourcecode.swift; path = APIRequestTests.swift; sourceTree = "<group>"; };
		2F5F9C151DA617CA0025C53D /* Info.plist */ = {isa = PBXFileReference; lastKnownFileType = text.plist.xml; path = Info.plist; sourceTree = "<group>"; };
		2F5F9C1A1DA617CA0025C53D /* APIRequestUITests.xctest */ = {isa = PBXFileReference; explicitFileType = wrapper.cfbundle; includeInIndex = 0; path = APIRequestUITests.xctest; sourceTree = BUILT_PRODUCTS_DIR; };
		2F5F9C1E1DA617CA0025C53D /* APIRequestUITests.swift */ = {isa = PBXFileReference; lastKnownFileType = sourcecode.swift; path = APIRequestUITests.swift; sourceTree = "<group>"; };
		2F5F9C201DA617CA0025C53D /* Info.plist */ = {isa = PBXFileReference; lastKnownFileType = text.plist.xml; path = Info.plist; sourceTree = "<group>"; };
/* End PBXFileReference section */

/* Begin PBXFrameworksBuildPhase section */
		2F5F9BF81DA617CA0025C53D /* Frameworks */ = {
			isa = PBXFrameworksBuildPhase;
			buildActionMask = 2147483647;
			files = (
			);
			runOnlyForDeploymentPostprocessing = 0;
		};
		2F5F9C0C1DA617CA0025C53D /* Frameworks */ = {
			isa = PBXFrameworksBuildPhase;
			buildActionMask = 2147483647;
			files = (
			);
			runOnlyForDeploymentPostprocessing = 0;
		};
		2F5F9C171DA617CA0025C53D /* Frameworks */ = {
			isa = PBXFrameworksBuildPhase;
			buildActionMask = 2147483647;
			files = (
			);
			runOnlyForDeploymentPostprocessing = 0;
		};
/* End PBXFrameworksBuildPhase section */

/* Begin PBXGroup section */
		2F5F9BF21DA617CA0025C53D = {
			isa = PBXGroup;
			children = (
				2F5F9BFD1DA617CA0025C53D /* APIRequest */,
				2F5F9C121DA617CA0025C53D /* APIRequestTests */,
				2F5F9C1D1DA617CA0025C53D /* APIRequestUITests */,
				2F5F9BFC1DA617CA0025C53D /* Products */,
			);
			sourceTree = "<group>";
		};
		2F5F9BFC1DA617CA0025C53D /* Products */ = {
			isa = PBXGroup;
			children = (
				2F5F9BFB1DA617CA0025C53D /* APIRequest.app */,
				2F5F9C0F1DA617CA0025C53D /* APIRequestTests.xctest */,
				2F5F9C1A1DA617CA0025C53D /* APIRequestUITests.xctest */,
			);
			name = Products;
			sourceTree = "<group>";
		};
		2F5F9BFD1DA617CA0025C53D /* APIRequest */ = {
			isa = PBXGroup;
			children = (
				2F5F9BFE1DA617CA0025C53D /* AppDelegate.swift */,
				2F5F9C001DA617CA0025C53D /* ViewController.swift */,
				2F5F9C021DA617CA0025C53D /* Main.storyboard */,
				2F5F9C051DA617CA0025C53D /* Assets.xcassets */,
				2F5F9C071DA617CA0025C53D /* LaunchScreen.storyboard */,
				2F5F9C0A1DA617CA0025C53D /* Info.plist */,
			);
			path = APIRequest;
			sourceTree = "<group>";
		};
		2F5F9C121DA617CA0025C53D /* APIRequestTests */ = {
			isa = PBXGroup;
			children = (
				2F5F9C131DA617CA0025C53D /* APIRequestTests.swift */,
				2F5F9C151DA617CA0025C53D /* Info.plist */,
			);
			path = APIRequestTests;
			sourceTree = "<group>";
		};
		2F5F9C1D1DA617CA0025C53D /* APIRequestUITests */ = {
			isa = PBXGroup;
			children = (
				2F5F9C1E1DA617CA0025C53D /* APIRequestUITests.swift */,
				2F5F9C201DA617CA0025C53D /* Info.plist */,
			);
			path = APIRequestUITests;
			sourceTree = "<group>";
		};
/* End PBXGroup section */

/* Begin PBXNativeTarget section */
		2F5F9BFA1DA617CA0025C53D /* APIRequest */ = {
			isa = PBXNativeTarget;
			buildConfigurationList = 2F5F9C231DA617CA0025C53D /* Build configuration list for PBXNativeTarget "APIRequest" */;
			buildPhases = (
				2F5F9BF71DA617CA0025C53D /* Sources */,
				2F5F9BF81DA617CA0025C53D /* Frameworks */,
				2F5F9BF91DA617CA0025C53D /* Resources */,
			);
			buildRules = (
			);
			dependencies = (
			);
			name = APIRequest;
			productName = APIRequest;
			productReference = 2F5F9BFB1DA617CA0025C53D /* APIRequest.app */;
			productType = "com.apple.product-type.application";
		};
		2F5F9C0E1DA617CA0025C53D /* APIRequestTests */ = {
			isa = PBXNativeTarget;
			buildConfigurationList = 2F5F9C261DA617CA0025C53D /* Build configuration list for PBXNativeTarget "APIRequestTests" */;
			buildPhases = (
				2F5F9C0B1DA617CA0025C53D /* Sources */,
				2F5F9C0C1DA617CA0025C53D /* Frameworks */,
				2F5F9C0D1DA617CA0025C53D /* Resources */,
			);
			buildRules = (
			);
			dependencies = (
				2F5F9C111DA617CA0025C53D /* PBXTargetDependency */,
			);
			name = APIRequestTests;
			productName = APIRequestTests;
			productReference = 2F5F9C0F1DA617CA0025C53D /* APIRequestTests.xctest */;
			productType = "com.apple.product-type.bundle.unit-test";
		};
		2F5F9C191DA617CA0025C53D /* APIRequestUITests */ = {
			isa = PBXNativeTarget;
			buildConfigurationList = 2F5F9C291DA617CA0025C53D /* Build configuration list for PBXNativeTarget "APIRequestUITests" */;
			buildPhases = (
				2F5F9C161DA617CA0025C53D /* Sources */,
				2F5F9C171DA617CA0025C53D /* Frameworks */,
				2F5F9C181DA617CA0025C53D /* Resources */,
			);
			buildRules = (
			);
			dependencies = (
				2F5F9C1C1DA617CA0025C53D /* PBXTargetDependency */,
			);
			name = APIRequestUITests;
			productName = APIRequestUITests;
			productReference = 2F5F9C1A1DA617CA0025C53D /* APIRequestUITests.xctest */;
			productType = "com.apple.product-type.bundle.ui-testing";
		};
/* End PBXNativeTarget section */

/* Begin PBXProject section */
		2F5F9BF31DA617CA0025C53D /* Project object */ = {
			isa = PBXProject;
			attributes = {
				LastSwiftUpdateCheck = 0800;
				LastUpgradeCheck = 0800;
				ORGANIZATIONNAME = cindy;
				TargetAttributes = {
					2F5F9BFA1DA617CA0025C53D = {
						CreatedOnToolsVersion = 8.0;
						ProvisioningStyle = Automatic;
					};
					2F5F9C0E1DA617CA0025C53D = {
						CreatedOnToolsVersion = 8.0;
						ProvisioningStyle = Automatic;
						TestTargetID = 2F5F9BFA1DA617CA0025C53D;
					};
					2F5F9C191DA617CA0025C53D = {
						CreatedOnToolsVersion = 8.0;
						ProvisioningStyle = Automatic;
						TestTargetID = 2F5F9BFA1DA617CA0025C53D;
					};
				};
			};
			buildConfigurationList = 2F5F9BF61DA617CA0025C53D /* Build configuration list for PBXProject "APIRequest" */;
			compatibilityVersion = "Xcode 3.2";
			developmentRegion = English;
			hasScannedForEncodings = 0;
			knownRegions = (
				en,
				Base,
			);
			mainGroup = 2F5F9BF21DA617CA0025C53D;
			productRefGroup = 2F5F9BFC1DA617CA0025C53D /* Products */;
			projectDirPath = "";
			projectRoot = "";
			targets = (
				2F5F9BFA1DA617CA0025C53D /* APIRequest */,
				2F5F9C0E1DA617CA0025C53D /* APIRequestTests */,
				2F5F9C191DA617CA0025C53D /* APIRequestUITests */,
			);
		};
/* End PBXProject section */

/* Begin PBXResourcesBuildPhase section */
		2F5F9BF91DA617CA0025C53D /* Resources */ = {
			isa = PBXResourcesBuildPhase;
			buildActionMask = 2147483647;
			files = (
				2F5F9C091DA617CA0025C53D /* LaunchScreen.storyboard in Resources */,
				2F5F9C061DA617CA0025C53D /* Assets.xcassets in Resources */,
				2F5F9C041DA617CA0025C53D /* Main.storyboard in Resources */,
			);
			runOnlyForDeploymentPostprocessing = 0;
		};
		2F5F9C0D1DA617CA0025C53D /* Resources */ = {
			isa = PBXResourcesBuildPhase;
			buildActionMask = 2147483647;
			files = (
			);
			runOnlyForDeploymentPostprocessing = 0;
		};
		2F5F9C181DA617CA0025C53D /* Resources */ = {
			isa = PBXResourcesBuildPhase;
			buildActionMask = 2147483647;
			files = (
			);
			runOnlyForDeploymentPostprocessing = 0;
		};
/* End PBXResourcesBuildPhase section */

/* Begin PBXSourcesBuildPhase section */
		2F5F9BF71DA617CA0025C53D /* Sources */ = {
			isa = PBXSourcesBuildPhase;
			buildActionMask = 2147483647;
			files = (
				2F5F9C011DA617CA0025C53D /* ViewController.swift in Sources */,
				2F5F9BFF1DA617CA0025C53D /* AppDelegate.swift in Sources */,
			);
			runOnlyForDeploymentPostprocessing = 0;
		};
		2F5F9C0B1DA617CA0025C53D /* Sources */ = {
			isa = PBXSourcesBuildPhase;
			buildActionMask = 2147483647;
			files = (
				2F5F9C141DA617CA0025C53D /* APIRequestTests.swift in Sources */,
			);
			runOnlyForDeploymentPostprocessing = 0;
		};
		2F5F9C161DA617CA0025C53D /* Sources */ = {
			isa = PBXSourcesBuildPhase;
			buildActionMask = 2147483647;
			files = (
				2F5F9C1F1DA617CA0025C53D /* APIRequestUITests.swift in Sources */,
			);
			runOnlyForDeploymentPostprocessing = 0;
		};
/* End PBXSourcesBuildPhase section */

/* Begin PBXTargetDependency section */
		2F5F9C111DA617CA0025C53D /* PBXTargetDependency */ = {
			isa = PBXTargetDependency;
			target = 2F5F9BFA1DA617CA0025C53D /* APIRequest */;
			targetProxy = 2F5F9C101DA617CA0025C53D /* PBXContainerItemProxy */;
		};
		2F5F9C1C1DA617CA0025C53D /* PBXTargetDependency */ = {
			isa = PBXTargetDependency;
			target = 2F5F9BFA1DA617CA0025C53D /* APIRequest */;
			targetProxy = 2F5F9C1B1DA617CA0025C53D /* PBXContainerItemProxy */;
		};
/* End PBXTargetDependency section */

/* Begin PBXVariantGroup section */
		2F5F9C021DA617CA0025C53D /* Main.storyboard */ = {
			isa = PBXVariantGroup;
			children = (
				2F5F9C031DA617CA0025C53D /* Base */,
			);
			name = Main.storyboard;
			sourceTree = "<group>";
		};
		2F5F9C071DA617CA0025C53D /* LaunchScreen.storyboard */ = {
			isa = PBXVariantGroup;
			children = (
				2F5F9C081DA617CA0025C53D /* Base */,
			);
			name = LaunchScreen.storyboard;
			sourceTree = "<group>";
		};
/* End PBXVariantGroup section */

/* Begin XCBuildConfiguration section */
		2F5F9C211DA617CA0025C53D /* Debug */ = {
			isa = XCBuildConfiguration;
			buildSettings = {
				ALWAYS_SEARCH_USER_PATHS = NO;
				CLANG_ANALYZER_NONNULL = YES;
				CLANG_CXX_LANGUAGE_STANDARD = "gnu++0x";
				CLANG_CXX_LIBRARY = "libc++";
				CLANG_ENABLE_MODULES = YES;
				CLANG_ENABLE_OBJC_ARC = YES;
				CLANG_WARN_BOOL_CONVERSION = YES;
				CLANG_WARN_CONSTANT_CONVERSION = YES;
				CLANG_WARN_DIRECT_OBJC_ISA_USAGE = YES_ERROR;
				CLANG_WARN_DOCUMENTATION_COMMENTS = YES;
				CLANG_WARN_EMPTY_BODY = YES;
				CLANG_WARN_ENUM_CONVERSION = YES;
				CLANG_WARN_INFINITE_RECURSION = YES;
				CLANG_WARN_INT_CONVERSION = YES;
				CLANG_WARN_OBJC_ROOT_CLASS = YES_ERROR;
				CLANG_WARN_SUSPICIOUS_MOVES = YES;
				CLANG_WARN_UNREACHABLE_CODE = YES;
				CLANG_WARN__DUPLICATE_METHOD_MATCH = YES;
				"CODE_SIGN_IDENTITY[sdk=iphoneos*]" = "iPhone Developer";
				COPY_PHASE_STRIP = NO;
				DEBUG_INFORMATION_FORMAT = dwarf;
				ENABLE_STRICT_OBJC_MSGSEND = YES;
				ENABLE_TESTABILITY = YES;
				GCC_C_LANGUAGE_STANDARD = gnu99;
				GCC_DYNAMIC_NO_PIC = NO;
				GCC_NO_COMMON_BLOCKS = YES;
				GCC_OPTIMIZATION_LEVEL = 0;
				GCC_PREPROCESSOR_DEFINITIONS = (
					"DEBUG=1",
					"$(inherited)",
				);
				GCC_WARN_64_TO_32_BIT_CONVERSION = YES;
				GCC_WARN_ABOUT_RETURN_TYPE = YES_ERROR;
				GCC_WARN_UNDECLARED_SELECTOR = YES;
				GCC_WARN_UNINITIALIZED_AUTOS = YES_AGGRESSIVE;
				GCC_WARN_UNUSED_FUNCTION = YES;
				GCC_WARN_UNUSED_VARIABLE = YES;
				IPHONEOS_DEPLOYMENT_TARGET = 10.0;
				MTL_ENABLE_DEBUG_INFO = YES;
				ONLY_ACTIVE_ARCH = YES;
				SDKROOT = iphoneos;
				SWIFT_ACTIVE_COMPILATION_CONDITIONS = DEBUG;
				SWIFT_OPTIMIZATION_LEVEL = "-Onone";
				TARGETED_DEVICE_FAMILY = "1,2";
			};
			name = Debug;
		};
		2F5F9C221DA617CA0025C53D /* Release */ = {
			isa = XCBuildConfiguration;
			buildSettings = {
				ALWAYS_SEARCH_USER_PATHS = NO;
				CLANG_ANALYZER_NONNULL = YES;
				CLANG_CXX_LANGUAGE_STANDARD = "gnu++0x";
				CLANG_CXX_LIBRARY = "libc++";
				CLANG_ENABLE_MODULES = YES;
				CLANG_ENABLE_OBJC_ARC = YES;
				CLANG_WARN_BOOL_CONVERSION = YES;
				CLANG_WARN_CONSTANT_CONVERSION = YES;
				CLANG_WARN_DIRECT_OBJC_ISA_USAGE = YES_ERROR;
				CLANG_WARN_DOCUMENTATION_COMMENTS = YES;
				CLANG_WARN_EMPTY_BODY = YES;
				CLANG_WARN_ENUM_CONVERSION = YES;
				CLANG_WARN_INFINITE_RECURSION = YES;
				CLANG_WARN_INT_CONVERSION = YES;
				CLANG_WARN_OBJC_ROOT_CLASS = YES_ERROR;
				CLANG_WARN_SUSPICIOUS_MOVES = YES;
				CLANG_WARN_UNREACHABLE_CODE = YES;
				CLANG_WARN__DUPLICATE_METHOD_MATCH = YES;
				"CODE_SIGN_IDENTITY[sdk=iphoneos*]" = "iPhone Developer";
				COPY_PHASE_STRIP = NO;
				DEBUG_INFORMATION_FORMAT = "dwarf-with-dsym";
				ENABLE_NS_ASSERTIONS = NO;
				ENABLE_STRICT_OBJC_MSGSEND = YES;
				GCC_C_LANGUAGE_STANDARD = gnu99;
				GCC_NO_COMMON_BLOCKS = YES;
				GCC_WARN_64_TO_32_BIT_CONVERSION = YES;
				GCC_WARN_ABOUT_RETURN_TYPE = YES_ERROR;
				GCC_WARN_UNDECLARED_SELECTOR = YES;
				GCC_WARN_UNINITIALIZED_AUTOS = YES_AGGRESSIVE;
				GCC_WARN_UNUSED_FUNCTION = YES;
				GCC_WARN_UNUSED_VARIABLE = YES;
				IPHONEOS_DEPLOYMENT_TARGET = 10.0;
				MTL_ENABLE_DEBUG_INFO = NO;
				SDKROOT = iphoneos;
				SWIFT_OPTIMIZATION_LEVEL = "-Owholemodule";
				TARGETED_DEVICE_FAMILY = "1,2";
				VALIDATE_PRODUCT = YES;
			};
			name = Release;
		};
		2F5F9C241DA617CA0025C53D /* Debug */ = {
			isa = XCBuildConfiguration;
			buildSettings = {
				ASSETCATALOG_COMPILER_APPICON_NAME = AppIcon;
				INFOPLIST_FILE = APIRequest/Info.plist;
				LD_RUNPATH_SEARCH_PATHS = "$(inherited) @executable_path/Frameworks";
				PRODUCT_BUNDLE_IDENTIFIER = cindy.APIRequest;
				PRODUCT_NAME = "$(TARGET_NAME)";
				SWIFT_VERSION = 3.0;
			};
			name = Debug;
		};
		2F5F9C251DA617CA0025C53D /* Release */ = {
			isa = XCBuildConfiguration;
			buildSettings = {
				ASSETCATALOG_COMPILER_APPICON_NAME = AppIcon;
				INFOPLIST_FILE = APIRequest/Info.plist;
				LD_RUNPATH_SEARCH_PATHS = "$(inherited) @executable_path/Frameworks";
				PRODUCT_BUNDLE_IDENTIFIER = cindy.APIRequest;
				PRODUCT_NAME = "$(TARGET_NAME)";
				SWIFT_VERSION = 3.0;
			};
			name = Release;
		};
		2F5F9C271DA617CA0025C53D /* Debug */ = {
			isa = XCBuildConfiguration;
			buildSettings = {
				ALWAYS_EMBED_SWIFT_STANDARD_LIBRARIES = YES;
				BUNDLE_LOADER = "$(TEST_HOST)";
				INFOPLIST_FILE = APIRequestTests/Info.plist;
				LD_RUNPATH_SEARCH_PATHS = "$(inherited) @executable_path/Frameworks @loader_path/Frameworks";
				PRODUCT_BUNDLE_IDENTIFIER = cindy.APIRequestTests;
				PRODUCT_NAME = "$(TARGET_NAME)";
				SWIFT_VERSION = 3.0;
				TEST_HOST = "$(BUILT_PRODUCTS_DIR)/APIRequest.app/APIRequest";
			};
			name = Debug;
		};
		2F5F9C281DA617CA0025C53D /* Release */ = {
			isa = XCBuildConfiguration;
			buildSettings = {
				ALWAYS_EMBED_SWIFT_STANDARD_LIBRARIES = YES;
				BUNDLE_LOADER = "$(TEST_HOST)";
				INFOPLIST_FILE = APIRequestTests/Info.plist;
				LD_RUNPATH_SEARCH_PATHS = "$(inherited) @executable_path/Frameworks @loader_path/Frameworks";
				PRODUCT_BUNDLE_IDENTIFIER = cindy.APIRequestTests;
				PRODUCT_NAME = "$(TARGET_NAME)";
				SWIFT_VERSION = 3.0;
				TEST_HOST = "$(BUILT_PRODUCTS_DIR)/APIRequest.app/APIRequest";
			};
			name = Release;
		};
		2F5F9C2A1DA617CA0025C53D /* Debug */ = {
			isa = XCBuildConfiguration;
			buildSettings = {
				ALWAYS_EMBED_SWIFT_STANDARD_LIBRARIES = YES;
				INFOPLIST_FILE = APIRequestUITests/Info.plist;
				LD_RUNPATH_SEARCH_PATHS = "$(inherited) @executable_path/Frameworks @loader_path/Frameworks";
				PRODUCT_BUNDLE_IDENTIFIER = cindy.APIRequestUITests;
				PRODUCT_NAME = "$(TARGET_NAME)";
				SWIFT_VERSION = 3.0;
				TEST_TARGET_NAME = APIRequest;
			};
			name = Debug;
		};
		2F5F9C2B1DA617CA0025C53D /* Release */ = {
			isa = XCBuildConfiguration;
			buildSettings = {
				ALWAYS_EMBED_SWIFT_STANDARD_LIBRARIES = YES;
				INFOPLIST_FILE = APIRequestUITests/Info.plist;
				LD_RUNPATH_SEARCH_PATHS = "$(inherited) @executable_path/Frameworks @loader_path/Frameworks";
				PRODUCT_BUNDLE_IDENTIFIER = cindy.APIRequestUITests;
				PRODUCT_NAME = "$(TARGET_NAME)";
				SWIFT_VERSION = 3.0;
				TEST_TARGET_NAME = APIRequest;
			};
			name = Release;
		};
/* End XCBuildConfiguration section */

/* Begin XCConfigurationList section */
		2F5F9BF61DA617CA0025C53D /* Build configuration list for PBXProject "APIRequest" */ = {
			isa = XCConfigurationList;
			buildConfigurations = (
				2F5F9C211DA617CA0025C53D /* Debug */,
				2F5F9C221DA617CA0025C53D /* Release */,
			);
			defaultConfigurationIsVisible = 0;
			defaultConfigurationName = Release;
		};
		2F5F9C231DA617CA0025C53D /* Build configuration list for PBXNativeTarget "APIRequest" */ = {
			isa = XCConfigurationList;
			buildConfigurations = (
				2F5F9C241DA617CA0025C53D /* Debug */,
				2F5F9C251DA617CA0025C53D /* Release */,
			);
			defaultConfigurationIsVisible = 0;
		};
		2F5F9C261DA617CA0025C53D /* Build configuration list for PBXNativeTarget "APIRequestTests" */ = {
			isa = XCConfigurationList;
			buildConfigurations = (
				2F5F9C271DA617CA0025C53D /* Debug */,
				2F5F9C281DA617CA0025C53D /* Release */,
			);
			defaultConfigurationIsVisible = 0;
		};
		2F5F9C291DA617CA0025C53D /* Build configuration list for PBXNativeTarget "APIRequestUITests" */ = {
			isa = XCConfigurationList;
			buildConfigurations = (
				2F5F9C2A1DA617CA0025C53D /* Debug */,
				2F5F9C2B1DA617CA0025C53D /* Release */,
			);
			defaultConfigurationIsVisible = 0;
		};
/* End XCConfigurationList section */
	};
	rootObject = 2F5F9BF31DA617CA0025C53D /* Project object */;
}
